{
	"name": "des-team-porfolio",
	"version": "0.0.1",
	"lockfileVersion": 3,
	"requires": true,
	"packages": {
		"": {
			"name": "des-team-porfolio",
			"version": "0.0.1",
			"dependencies": {
				"@lottiefiles/svelte-lottie-player": "^0.3.1",
				"@types/js-yaml": "^4.0.9",
				"js-yaml": "^4.1.0"
			},
			"devDependencies": {
				"@sveltejs/adapter-auto": "^6.0.0",
				"@sveltejs/adapter-static": "^3.0.9",
				"@sveltejs/kit": "^2.22.0",
				"@sveltejs/vite-plugin-svelte": "^6.0.0",
				"@types/bun": "^1.2.22",
				"@types/cookie": "^0.6.0",
				"prettier": "^3.4.2",
				"prettier-plugin-svelte": "^3.3.3",
				"svelte": "^5.0.0",
				"svelte-adapter-bun": "^1.0.0",
				"svelte-check": "^4.0.0",
				"typescript": "^5.0.0",
				"vite": "^7.0.4",
				"vite-imagetools": "^8.0.0"
			}
		},
		"node_modules/@emnapi/core": {
			"version": "1.5.0",
			"resolved": "https://registry.npmjs.org/@emnapi/core/-/core-1.5.0.tgz",
			"integrity": "sha512-sbP8GzB1WDzacS8fgNPpHlp6C9VZe+SJP3F90W9rLemaQj2PzIuTEl1qDOYQf58YIpyjViI24y9aPWCjEzY2cg==",
			"dev": true,
			"license": "MIT",
			"optional": true,
			"dependencies": {
				"@emnapi/wasi-threads": "1.1.0",
				"tslib": "^2.4.0"
			}
		},
		"node_modules/@emnapi/runtime": {
			"version": "1.5.0",
			"resolved": "https://registry.npmjs.org/@emnapi/runtime/-/runtime-1.5.0.tgz",
			"integrity": "sha512-97/BJ3iXHww3djw6hYIfErCZFee7qCtrneuLa20UXFCOTCfBM2cvQHjWJ2EG0s0MtdNwInarqCTz35i4wWXHsQ==",
			"dev": true,
			"license": "MIT",
			"optional": true,
			"dependencies": {
				"tslib": "^2.4.0"
			}
		},
		"node_modules/@emnapi/wasi-threads": {
			"version": "1.1.0",
			"resolved": "https://registry.npmjs.org/@emnapi/wasi-threads/-/wasi-threads-1.1.0.tgz",
			"integrity": "sha512-WI0DdZ8xFSbgMjR1sFsKABJ/C5OnRrjT06JXbZKexJGrDuPTzZdDYfFlsgcCXCyf+suG5QU2e/y1Wo2V/OapLQ==",
			"dev": true,
			"license": "MIT",
			"optional": true,
			"dependencies": {
				"tslib": "^2.4.0"
			}
		},
		"node_modules/@esbuild/darwin-arm64": {
			"version": "0.25.10",
			"cpu": [
				"arm64"
			],
			"dev": true,
			"license": "MIT",
			"optional": true,
			"os": [
				"darwin"
			],
			"engines": {
				"node": ">=18"
			}
		},
		"node_modules/@img/colour": {
			"version": "1.0.0",
			"resolved": "https://registry.npmjs.org/@img/colour/-/colour-1.0.0.tgz",
			"integrity": "sha512-A5P/LfWGFSl6nsckYtjw9da+19jB8hkJ6ACTGcDfEJ0aE+l2n2El7dsVM7UVHZQ9s2lmYMWlrS21YLy2IR1LUw==",
			"dev": true,
			"license": "MIT",
			"engines": {
				"node": ">=18"
			}
		},
		"node_modules/@img/sharp-darwin-arm64": {
			"version": "0.34.4",
			"resolved": "https://registry.npmjs.org/@img/sharp-darwin-arm64/-/sharp-darwin-arm64-0.34.4.tgz",
			"integrity": "sha512-sitdlPzDVyvmINUdJle3TNHl+AG9QcwiAMsXmccqsCOMZNIdW2/7S26w0LyU8euiLVzFBL3dXPwVCq/ODnf2vA==",
			"cpu": [
				"arm64"
			],
			"dev": true,
			"license": "Apache-2.0",
			"optional": true,
			"os": [
				"darwin"
			],
			"engines": {
				"node": "^18.17.0 || ^20.3.0 || >=21.0.0"
			},
			"funding": {
				"url": "https://opencollective.com/libvips"
			},
			"optionalDependencies": {
				"@img/sharp-libvips-darwin-arm64": "1.2.3"
			}
		},
		"node_modules/@img/sharp-darwin-x64": {
			"version": "0.34.4",
			"resolved": "https://registry.npmjs.org/@img/sharp-darwin-x64/-/sharp-darwin-x64-0.34.4.tgz",
			"integrity": "sha512-rZheupWIoa3+SOdF/IcUe1ah4ZDpKBGWcsPX6MT0lYniH9micvIU7HQkYTfrx5Xi8u+YqwLtxC/3vl8TQN6rMg==",
			"cpu": [
				"x64"
			],
			"dev": true,
			"license": "Apache-2.0",
			"optional": true,
			"os": [
				"darwin"
			],
			"engines": {
				"node": "^18.17.0 || ^20.3.0 || >=21.0.0"
			},
			"funding": {
				"url": "https://opencollective.com/libvips"
			},
			"optionalDependencies": {
				"@img/sharp-libvips-darwin-x64": "1.2.3"
			}
		},
		"node_modules/@img/sharp-libvips-darwin-arm64": {
			"version": "1.2.3",
			"resolved": "https://registry.npmjs.org/@img/sharp-libvips-darwin-arm64/-/sharp-libvips-darwin-arm64-1.2.3.tgz",
			"integrity": "sha512-QzWAKo7kpHxbuHqUC28DZ9pIKpSi2ts2OJnoIGI26+HMgq92ZZ4vk8iJd4XsxN+tYfNJxzH6W62X5eTcsBymHw==",
			"cpu": [
				"arm64"
			],
			"dev": true,
			"license": "LGPL-3.0-or-later",
			"optional": true,
			"os": [
				"darwin"
			],
			"funding": {
				"url": "https://opencollective.com/libvips"
			}
		},
		"node_modules/@img/sharp-libvips-darwin-x64": {
			"version": "1.2.3",
			"resolved": "https://registry.npmjs.org/@img/sharp-libvips-darwin-x64/-/sharp-libvips-darwin-x64-1.2.3.tgz",
			"integrity": "sha512-Ju+g2xn1E2AKO6YBhxjj+ACcsPQRHT0bhpglxcEf+3uyPY+/gL8veniKoo96335ZaPo03bdDXMv0t+BBFAbmRA==",
			"cpu": [
				"x64"
			],
			"dev": true,
			"license": "LGPL-3.0-or-later",
			"optional": true,
			"os": [
				"darwin"
			],
			"funding": {
				"url": "https://opencollective.com/libvips"
			}
		},
		"node_modules/@img/sharp-libvips-linux-arm": {
			"version": "1.2.3",
			"resolved": "https://registry.npmjs.org/@img/sharp-libvips-linux-arm/-/sharp-libvips-linux-arm-1.2.3.tgz",
			"integrity": "sha512-x1uE93lyP6wEwGvgAIV0gP6zmaL/a0tGzJs/BIDDG0zeBhMnuUPm7ptxGhUbcGs4okDJrk4nxgrmxpib9g6HpA==",
			"cpu": [
				"arm"
			],
			"dev": true,
			"license": "LGPL-3.0-or-later",
			"optional": true,
			"os": [
				"linux"
			],
			"funding": {
				"url": "https://opencollective.com/libvips"
			}
		},
		"node_modules/@img/sharp-libvips-linux-arm64": {
			"version": "1.2.3",
			"resolved": "https://registry.npmjs.org/@img/sharp-libvips-linux-arm64/-/sharp-libvips-linux-arm64-1.2.3.tgz",
			"integrity": "sha512-I4RxkXU90cpufazhGPyVujYwfIm9Nk1QDEmiIsaPwdnm013F7RIceaCc87kAH+oUB1ezqEvC6ga4m7MSlqsJvQ==",
			"cpu": [
				"arm64"
			],
			"dev": true,
			"license": "LGPL-3.0-or-later",
			"optional": true,
			"os": [
				"linux"
			],
			"funding": {
				"url": "https://opencollective.com/libvips"
			}
		},
		"node_modules/@img/sharp-libvips-linux-ppc64": {
			"version": "1.2.3",
			"resolved": "https://registry.npmjs.org/@img/sharp-libvips-linux-ppc64/-/sharp-libvips-linux-ppc64-1.2.3.tgz",
			"integrity": "sha512-Y2T7IsQvJLMCBM+pmPbM3bKT/yYJvVtLJGfCs4Sp95SjvnFIjynbjzsa7dY1fRJX45FTSfDksbTp6AGWudiyCg==",
			"cpu": [
				"ppc64"
			],
			"dev": true,
			"license": "LGPL-3.0-or-later",
			"optional": true,
			"os": [
				"linux"
			],
			"funding": {
				"url": "https://opencollective.com/libvips"
			}
		},
		"node_modules/@img/sharp-libvips-linux-s390x": {
			"version": "1.2.3",
			"resolved": "https://registry.npmjs.org/@img/sharp-libvips-linux-s390x/-/sharp-libvips-linux-s390x-1.2.3.tgz",
			"integrity": "sha512-RgWrs/gVU7f+K7P+KeHFaBAJlNkD1nIZuVXdQv6S+fNA6syCcoboNjsV2Pou7zNlVdNQoQUpQTk8SWDHUA3y/w==",
			"cpu": [
				"s390x"
			],
			"dev": true,
			"license": "LGPL-3.0-or-later",
			"optional": true,
			"os": [
				"linux"
			],
			"funding": {
				"url": "https://opencollective.com/libvips"
			}
		},
		"node_modules/@img/sharp-libvips-linux-x64": {
			"version": "1.2.3",
			"resolved": "https://registry.npmjs.org/@img/sharp-libvips-linux-x64/-/sharp-libvips-linux-x64-1.2.3.tgz",
			"integrity": "sha512-3JU7LmR85K6bBiRzSUc/Ff9JBVIFVvq6bomKE0e63UXGeRw2HPVEjoJke1Yx+iU4rL7/7kUjES4dZ/81Qjhyxg==",
			"cpu": [
				"x64"
			],
			"dev": true,
			"license": "LGPL-3.0-or-later",
			"optional": true,
			"os": [
				"linux"
			],
			"funding": {
				"url": "https://opencollective.com/libvips"
			}
		},
		"node_modules/@img/sharp-libvips-linuxmusl-arm64": {
			"version": "1.2.3",
			"resolved": "https://registry.npmjs.org/@img/sharp-libvips-linuxmusl-arm64/-/sharp-libvips-linuxmusl-arm64-1.2.3.tgz",
			"integrity": "sha512-F9q83RZ8yaCwENw1GieztSfj5msz7GGykG/BA+MOUefvER69K/ubgFHNeSyUu64amHIYKGDs4sRCMzXVj8sEyw==",
			"cpu": [
				"arm64"
			],
			"dev": true,
			"license": "LGPL-3.0-or-later",
			"optional": true,
			"os": [
				"linux"
			],
			"funding": {
				"url": "https://opencollective.com/libvips"
			}
		},
		"node_modules/@img/sharp-libvips-linuxmusl-x64": {
			"version": "1.2.3",
			"resolved": "https://registry.npmjs.org/@img/sharp-libvips-linuxmusl-x64/-/sharp-libvips-linuxmusl-x64-1.2.3.tgz",
			"integrity": "sha512-U5PUY5jbc45ANM6tSJpsgqmBF/VsL6LnxJmIf11kB7J5DctHgqm0SkuXzVWtIY90GnJxKnC/JT251TDnk1fu/g==",
			"cpu": [
				"x64"
			],
			"dev": true,
			"license": "LGPL-3.0-or-later",
			"optional": true,
			"os": [
				"linux"
			],
			"funding": {
				"url": "https://opencollective.com/libvips"
			}
		},
		"node_modules/@img/sharp-linux-arm": {
			"version": "0.34.4",
			"resolved": "https://registry.npmjs.org/@img/sharp-linux-arm/-/sharp-linux-arm-0.34.4.tgz",
			"integrity": "sha512-Xyam4mlqM0KkTHYVSuc6wXRmM7LGN0P12li03jAnZ3EJWZqj83+hi8Y9UxZUbxsgsK1qOEwg7O0Bc0LjqQVtxA==",
			"cpu": [
				"arm"
			],
			"dev": true,
			"license": "Apache-2.0",
			"optional": true,
			"os": [
				"linux"
			],
			"engines": {
				"node": "^18.17.0 || ^20.3.0 || >=21.0.0"
			},
			"funding": {
				"url": "https://opencollective.com/libvips"
			},
			"optionalDependencies": {
				"@img/sharp-libvips-linux-arm": "1.2.3"
			}
		},
		"node_modules/@img/sharp-linux-arm64": {
			"version": "0.34.4",
			"resolved": "https://registry.npmjs.org/@img/sharp-linux-arm64/-/sharp-linux-arm64-0.34.4.tgz",
			"integrity": "sha512-YXU1F/mN/Wu786tl72CyJjP/Ngl8mGHN1hST4BGl+hiW5jhCnV2uRVTNOcaYPs73NeT/H8Upm3y9582JVuZHrQ==",
			"cpu": [
				"arm64"
			],
			"dev": true,
			"license": "Apache-2.0",
			"optional": true,
			"os": [
				"linux"
			],
			"engines": {
				"node": "^18.17.0 || ^20.3.0 || >=21.0.0"
			},
			"funding": {
				"url": "https://opencollective.com/libvips"
			},
			"optionalDependencies": {
				"@img/sharp-libvips-linux-arm64": "1.2.3"
			}
		},
		"node_modules/@img/sharp-linux-ppc64": {
			"version": "0.34.4",
			"resolved": "https://registry.npmjs.org/@img/sharp-linux-ppc64/-/sharp-linux-ppc64-0.34.4.tgz",
			"integrity": "sha512-F4PDtF4Cy8L8hXA2p3TO6s4aDt93v+LKmpcYFLAVdkkD3hSxZzee0rh6/+94FpAynsuMpLX5h+LRsSG3rIciUQ==",
			"cpu": [
				"ppc64"
			],
			"dev": true,
			"license": "Apache-2.0",
			"optional": true,
			"os": [
				"linux"
			],
			"engines": {
				"node": "^18.17.0 || ^20.3.0 || >=21.0.0"
			},
			"funding": {
				"url": "https://opencollective.com/libvips"
			},
			"optionalDependencies": {
				"@img/sharp-libvips-linux-ppc64": "1.2.3"
			}
		},
		"node_modules/@img/sharp-linux-s390x": {
			"version": "0.34.4",
			"resolved": "https://registry.npmjs.org/@img/sharp-linux-s390x/-/sharp-linux-s390x-0.34.4.tgz",
			"integrity": "sha512-qVrZKE9Bsnzy+myf7lFKvng6bQzhNUAYcVORq2P7bDlvmF6u2sCmK2KyEQEBdYk+u3T01pVsPrkj943T1aJAsw==",
			"cpu": [
				"s390x"
			],
			"dev": true,
			"license": "Apache-2.0",
			"optional": true,
			"os": [
				"linux"
			],
			"engines": {
				"node": "^18.17.0 || ^20.3.0 || >=21.0.0"
			},
			"funding": {
				"url": "https://opencollective.com/libvips"
			},
			"optionalDependencies": {
				"@img/sharp-libvips-linux-s390x": "1.2.3"
			}
		},
		"node_modules/@img/sharp-linux-x64": {
			"version": "0.34.4",
			"resolved": "https://registry.npmjs.org/@img/sharp-linux-x64/-/sharp-linux-x64-0.34.4.tgz",
			"integrity": "sha512-ZfGtcp2xS51iG79c6Vhw9CWqQC8l2Ot8dygxoDoIQPTat/Ov3qAa8qpxSrtAEAJW+UjTXc4yxCjNfxm4h6Xm2A==",
			"cpu": [
				"x64"
			],
			"dev": true,
			"license": "Apache-2.0",
			"optional": true,
			"os": [
				"linux"
			],
			"engines": {
				"node": "^18.17.0 || ^20.3.0 || >=21.0.0"
			},
			"funding": {
				"url": "https://opencollective.com/libvips"
			},
			"optionalDependencies": {
				"@img/sharp-libvips-linux-x64": "1.2.3"
			}
		},
		"node_modules/@img/sharp-linuxmusl-arm64": {
			"version": "0.34.4",
			"resolved": "https://registry.npmjs.org/@img/sharp-linuxmusl-arm64/-/sharp-linuxmusl-arm64-0.34.4.tgz",
			"integrity": "sha512-8hDVvW9eu4yHWnjaOOR8kHVrew1iIX+MUgwxSuH2XyYeNRtLUe4VNioSqbNkB7ZYQJj9rUTT4PyRscyk2PXFKA==",
			"cpu": [
				"arm64"
			],
			"dev": true,
			"license": "Apache-2.0",
			"optional": true,
			"os": [
				"linux"
			],
			"engines": {
				"node": "^18.17.0 || ^20.3.0 || >=21.0.0"
			},
			"funding": {
				"url": "https://opencollective.com/libvips"
			},
			"optionalDependencies": {
				"@img/sharp-libvips-linuxmusl-arm64": "1.2.3"
			}
		},
		"node_modules/@img/sharp-linuxmusl-x64": {
			"version": "0.34.4",
			"resolved": "https://registry.npmjs.org/@img/sharp-linuxmusl-x64/-/sharp-linuxmusl-x64-0.34.4.tgz",
			"integrity": "sha512-lU0aA5L8QTlfKjpDCEFOZsTYGn3AEiO6db8W5aQDxj0nQkVrZWmN3ZP9sYKWJdtq3PWPhUNlqehWyXpYDcI9Sg==",
			"cpu": [
				"x64"
			],
			"dev": true,
			"license": "Apache-2.0",
			"optional": true,
			"os": [
				"linux"
			],
			"engines": {
				"node": "^18.17.0 || ^20.3.0 || >=21.0.0"
			},
			"funding": {
				"url": "https://opencollective.com/libvips"
			},
			"optionalDependencies": {
				"@img/sharp-libvips-linuxmusl-x64": "1.2.3"
			}
		},
		"node_modules/@img/sharp-wasm32": {
			"version": "0.34.4",
			"resolved": "https://registry.npmjs.org/@img/sharp-wasm32/-/sharp-wasm32-0.34.4.tgz",
			"integrity": "sha512-33QL6ZO/qpRyG7woB/HUALz28WnTMI2W1jgX3Nu2bypqLIKx/QKMILLJzJjI+SIbvXdG9fUnmrxR7vbi1sTBeA==",
			"cpu": [
				"wasm32"
			],
			"dev": true,
			"license": "Apache-2.0 AND LGPL-3.0-or-later AND MIT",
			"optional": true,
			"dependencies": {
				"@emnapi/runtime": "^1.5.0"
			},
			"engines": {
				"node": "^18.17.0 || ^20.3.0 || >=21.0.0"
			},
			"funding": {
				"url": "https://opencollective.com/libvips"
			}
		},
		"node_modules/@img/sharp-win32-arm64": {
			"version": "0.34.4",
			"resolved": "https://registry.npmjs.org/@img/sharp-win32-arm64/-/sharp-win32-arm64-0.34.4.tgz",
			"integrity": "sha512-2Q250do/5WXTwxW3zjsEuMSv5sUU4Tq9VThWKlU2EYLm4MB7ZeMwF+SFJutldYODXF6jzc6YEOC+VfX0SZQPqA==",
			"cpu": [
				"arm64"
			],
			"dev": true,
			"license": "Apache-2.0 AND LGPL-3.0-or-later",
			"optional": true,
			"os": [
				"win32"
			],
			"engines": {
				"node": "^18.17.0 || ^20.3.0 || >=21.0.0"
			},
			"funding": {
				"url": "https://opencollective.com/libvips"
			}
		},
		"node_modules/@img/sharp-win32-ia32": {
			"version": "0.34.4",
			"resolved": "https://registry.npmjs.org/@img/sharp-win32-ia32/-/sharp-win32-ia32-0.34.4.tgz",
			"integrity": "sha512-3ZeLue5V82dT92CNL6rsal6I2weKw1cYu+rGKm8fOCCtJTR2gYeUfY3FqUnIJsMUPIH68oS5jmZ0NiJ508YpEw==",
			"cpu": [
				"ia32"
			],
			"dev": true,
			"license": "Apache-2.0 AND LGPL-3.0-or-later",
			"optional": true,
			"os": [
				"win32"
			],
			"engines": {
				"node": "^18.17.0 || ^20.3.0 || >=21.0.0"
			},
			"funding": {
				"url": "https://opencollective.com/libvips"
			}
		},
		"node_modules/@img/sharp-win32-x64": {
			"version": "0.34.4",
			"resolved": "https://registry.npmjs.org/@img/sharp-win32-x64/-/sharp-win32-x64-0.34.4.tgz",
			"integrity": "sha512-xIyj4wpYs8J18sVN3mSQjwrw7fKUqRw+Z5rnHNCy5fYTxigBz81u5mOMPmFumwjcn8+ld1ppptMBCLic1nz6ig==",
			"cpu": [
				"x64"
			],
			"dev": true,
			"license": "Apache-2.0 AND LGPL-3.0-or-later",
			"optional": true,
			"os": [
				"win32"
			],
			"engines": {
				"node": "^18.17.0 || ^20.3.0 || >=21.0.0"
			},
			"funding": {
				"url": "https://opencollective.com/libvips"
			}
		},
		"node_modules/@jridgewell/gen-mapping": {
			"version": "0.3.13",
			"dev": true,
			"license": "MIT",
			"dependencies": {
				"@jridgewell/sourcemap-codec": "^1.5.0",
				"@jridgewell/trace-mapping": "^0.3.24"
			}
		},
		"node_modules/@jridgewell/remapping": {
			"version": "2.3.5",
			"dev": true,
			"license": "MIT",
			"dependencies": {
				"@jridgewell/gen-mapping": "^0.3.5",
				"@jridgewell/trace-mapping": "^0.3.24"
			}
		},
		"node_modules/@jridgewell/resolve-uri": {
			"version": "3.1.2",
			"dev": true,
			"license": "MIT",
			"engines": {
				"node": ">=6.0.0"
			}
		},
		"node_modules/@jridgewell/sourcemap-codec": {
			"version": "1.5.5",
			"dev": true,
			"license": "MIT"
		},
		"node_modules/@jridgewell/trace-mapping": {
			"version": "0.3.31",
			"dev": true,
			"license": "MIT",
			"dependencies": {
				"@jridgewell/resolve-uri": "^3.1.0",
				"@jridgewell/sourcemap-codec": "^1.4.14"
			}
		},
		"node_modules/@lottiefiles/svelte-lottie-player": {
			"version": "0.3.1",
			"resolved": "https://registry.npmjs.org/@lottiefiles/svelte-lottie-player/-/svelte-lottie-player-0.3.1.tgz",
			"integrity": "sha512-WnJasuRJJiKl1nSaZeYpaorNCdVOeR9FcWve/QLliPGxF6UUkS88uGH0Vd4ExP8PSpkagyQ7QYRBGCymBIxVxQ==",
			"license": "MIT",
			"dependencies": {
				"lottie-web": "^5.10.0"
			}
		},
		"node_modules/@napi-rs/wasm-runtime": {
			"version": "1.0.5",
			"resolved": "https://registry.npmjs.org/@napi-rs/wasm-runtime/-/wasm-runtime-1.0.5.tgz",
			"integrity": "sha512-TBr9Cf9onSAS2LQ2+QHx6XcC6h9+RIzJgbqG3++9TUZSH204AwEy5jg3BTQ0VATsyoGj4ee49tN/y6rvaOOtcg==",
			"dev": true,
			"license": "MIT",
			"optional": true,
			"dependencies": {
				"@emnapi/core": "^1.5.0",
				"@emnapi/runtime": "^1.5.0",
				"@tybys/wasm-util": "^0.10.1"
			}
		},
		"node_modules/@oxc-project/types": {
			"version": "0.92.0",
			"resolved": "https://registry.npmjs.org/@oxc-project/types/-/types-0.92.0.tgz",
			"integrity": "sha512-PDLfCbwgXjGdTBxzcuDOUxJYNBl6P8dOp3eDKWw54dYvqONan9rwGDRQU0zrkdEMiItfXQQUOI17uOcMX5Zm7A==",
			"dev": true,
			"license": "MIT",
			"funding": {
				"url": "https://github.com/sponsors/Boshen"
			}
		},
		"node_modules/@polka/url": {
			"version": "1.0.0-next.29",
			"dev": true,
			"license": "MIT"
		},
		"node_modules/@rolldown/binding-android-arm64": {
			"version": "1.0.0-beta.40",
			"resolved": "https://registry.npmjs.org/@rolldown/binding-android-arm64/-/binding-android-arm64-1.0.0-beta.40.tgz",
			"integrity": "sha512-9Ii9phC7QU6Lb+ncMfG1Xlosq0NBB1N/4sw+EGZ3y0BBWGy02TOb5ghWZalphAKv9rn1goqo5WkBjyd2YvsLmA==",
			"cpu": [
				"arm64"
			],
			"dev": true,
			"license": "MIT",
			"optional": true,
			"os": [
				"android"
			],
			"engines": {
				"node": "^20.19.0 || >=22.12.0"
			}
		},
		"node_modules/@rolldown/binding-darwin-arm64": {
			"version": "1.0.0-beta.40",
			"resolved": "https://registry.npmjs.org/@rolldown/binding-darwin-arm64/-/binding-darwin-arm64-1.0.0-beta.40.tgz",
			"integrity": "sha512-5O6d0y2tBQTL+ecQY3qXIwSnF1/Zik8q7LZMKeyF+VJ9l194d0IdMhl2zUF0cqWbYHuF4Pnxplk4OhurPQ/Z9Q==",
			"cpu": [
				"arm64"
			],
			"dev": true,
			"license": "MIT",
			"optional": true,
			"os": [
				"darwin"
			],
			"engines": {
				"node": "^20.19.0 || >=22.12.0"
			}
		},
		"node_modules/@rolldown/binding-darwin-x64": {
			"version": "1.0.0-beta.40",
			"resolved": "https://registry.npmjs.org/@rolldown/binding-darwin-x64/-/binding-darwin-x64-1.0.0-beta.40.tgz",
			"integrity": "sha512-izB9jygt3miPQbOTZfSu5K51isUplqa8ysByOKQqcJHgrBWmbTU8TM9eouv6tRmBR0kjcEcID9xhmA1CeZ1VIg==",
			"cpu": [
				"x64"
			],
			"dev": true,
			"license": "MIT",
			"optional": true,
			"os": [
				"darwin"
			],
			"engines": {
				"node": "^20.19.0 || >=22.12.0"
			}
		},
		"node_modules/@rolldown/binding-freebsd-x64": {
			"version": "1.0.0-beta.40",
			"resolved": "https://registry.npmjs.org/@rolldown/binding-freebsd-x64/-/binding-freebsd-x64-1.0.0-beta.40.tgz",
			"integrity": "sha512-2fdpEpKT+wwP0vig9dqxu+toTeWmVSjo3psJQVDeLJ51rO+GXcCJ1IkCXjhMKVEevNtZS7B8T8Z2vvmRV9MAdA==",
			"cpu": [
				"x64"
			],
			"dev": true,
			"license": "MIT",
			"optional": true,
			"os": [
				"freebsd"
			],
			"engines": {
				"node": "^20.19.0 || >=22.12.0"
			}
		},
		"node_modules/@rolldown/binding-linux-arm-gnueabihf": {
			"version": "1.0.0-beta.40",
			"resolved": "https://registry.npmjs.org/@rolldown/binding-linux-arm-gnueabihf/-/binding-linux-arm-gnueabihf-1.0.0-beta.40.tgz",
			"integrity": "sha512-HP2lo78OWULN+8TewpLbS9PS00jh0CaF04tA2u8z2I+6QgVgrYOYKvX+T0hlO5smgso4+qb3YchzumWJl3yCPQ==",
			"cpu": [
				"arm"
			],
			"dev": true,
			"license": "MIT",
			"optional": true,
			"os": [
				"linux"
			],
			"engines": {
				"node": "^20.19.0 || >=22.12.0"
			}
		},
		"node_modules/@rolldown/binding-linux-arm64-gnu": {
			"version": "1.0.0-beta.40",
			"resolved": "https://registry.npmjs.org/@rolldown/binding-linux-arm64-gnu/-/binding-linux-arm64-gnu-1.0.0-beta.40.tgz",
			"integrity": "sha512-ng00gfr9BhA2NPAOU5RWAlTiL+JcwAD+L+4yUD1sbBy6tgHdLiNBOvKtHISIF9RM9/eQeS0tAiWOYZGIH9JMew==",
			"cpu": [
				"arm64"
			],
			"dev": true,
			"license": "MIT",
			"optional": true,
			"os": [
				"linux"
			],
			"engines": {
				"node": "^20.19.0 || >=22.12.0"
			}
		},
		"node_modules/@rolldown/binding-linux-arm64-musl": {
			"version": "1.0.0-beta.40",
			"resolved": "https://registry.npmjs.org/@rolldown/binding-linux-arm64-musl/-/binding-linux-arm64-musl-1.0.0-beta.40.tgz",
			"integrity": "sha512-mF0R1l9kLcaag/9cLEiYYdNZ4v1uuX4jklSDZ1s6vJE4RB3LirUney0FavdVRwCJ5sDvfvsPgXgtBXWYr2M2tQ==",
			"cpu": [
				"arm64"
			],
			"dev": true,
			"license": "MIT",
			"optional": true,
			"os": [
				"linux"
			],
			"engines": {
				"node": "^20.19.0 || >=22.12.0"
			}
		},
		"node_modules/@rolldown/binding-linux-x64-gnu": {
			"version": "1.0.0-beta.40",
			"resolved": "https://registry.npmjs.org/@rolldown/binding-linux-x64-gnu/-/binding-linux-x64-gnu-1.0.0-beta.40.tgz",
			"integrity": "sha512-+wi08S7wT5iLPHRZb0USrS6n+T6m+yY++dePYedE5uvKIpWCJJioFTaRtWjpm0V6dVNLcq2OukrvfdlGtH9Wgg==",
			"cpu": [
				"x64"
			],
			"dev": true,
			"license": "MIT",
			"optional": true,
			"os": [
				"linux"
			],
			"engines": {
				"node": "^20.19.0 || >=22.12.0"
			}
		},
		"node_modules/@rolldown/binding-linux-x64-musl": {
			"version": "1.0.0-beta.40",
			"resolved": "https://registry.npmjs.org/@rolldown/binding-linux-x64-musl/-/binding-linux-x64-musl-1.0.0-beta.40.tgz",
			"integrity": "sha512-W5qBGAemUocIBKCcOsDjlV9GUt28qhl/+M6etWBeLS5gQK0J6XDg0YVzfOQdvq57ZGjYNP0NvhYzqhOOnEx+4g==",
			"cpu": [
				"x64"
			],
			"dev": true,
			"license": "MIT",
			"optional": true,
			"os": [
				"linux"
			],
			"engines": {
				"node": "^20.19.0 || >=22.12.0"
			}
		},
		"node_modules/@rolldown/binding-openharmony-arm64": {
			"version": "1.0.0-beta.40",
			"resolved": "https://registry.npmjs.org/@rolldown/binding-openharmony-arm64/-/binding-openharmony-arm64-1.0.0-beta.40.tgz",
			"integrity": "sha512-vJwoDehtt+yqj2zacq1AqNc2uE/oh7mnRGqAUbuldV6pgvU01OSQUJ7Zu+35hTopnjFoDNN6mIezkYlGAv5RFA==",
			"cpu": [
				"arm64"
			],
			"dev": true,
			"license": "MIT",
			"optional": true,
			"os": [
				"openharmony"
			],
			"engines": {
				"node": "^20.19.0 || >=22.12.0"
			}
		},
		"node_modules/@rolldown/binding-wasm32-wasi": {
			"version": "1.0.0-beta.40",
			"resolved": "https://registry.npmjs.org/@rolldown/binding-wasm32-wasi/-/binding-wasm32-wasi-1.0.0-beta.40.tgz",
			"integrity": "sha512-Oj3YyqVUPurr1FlMpEE/bJmMC+VWAWPM/SGUfklO5KUX97bk5Q/733nPg4RykK8q8/TluJoQYvRc05vL/B74dw==",
			"cpu": [
				"wasm32"
			],
			"dev": true,
			"license": "MIT",
			"optional": true,
			"dependencies": {
				"@napi-rs/wasm-runtime": "^1.0.5"
			},
			"engines": {
				"node": ">=14.0.0"
			}
		},
		"node_modules/@rolldown/binding-win32-arm64-msvc": {
			"version": "1.0.0-beta.40",
			"resolved": "https://registry.npmjs.org/@rolldown/binding-win32-arm64-msvc/-/binding-win32-arm64-msvc-1.0.0-beta.40.tgz",
			"integrity": "sha512-0ZtO6yN8XjVoFfN4HDWQj4nDu3ndMybr7jIM00DJqOmc+yFhly7rdOy7fNR9Sky3leCpBtsXfepVqRmVpYKPVA==",
			"cpu": [
				"arm64"
			],
			"dev": true,
			"license": "MIT",
			"optional": true,
			"os": [
				"win32"
			],
			"engines": {
				"node": "^20.19.0 || >=22.12.0"
			}
		},
		"node_modules/@rolldown/binding-win32-ia32-msvc": {
			"version": "1.0.0-beta.40",
			"resolved": "https://registry.npmjs.org/@rolldown/binding-win32-ia32-msvc/-/binding-win32-ia32-msvc-1.0.0-beta.40.tgz",
			"integrity": "sha512-BPl1inoJXPpIe38Ja46E4y11vXlJyuleo+9Rmu//pYL5fIDYJkXUj/oAXqjSuwLcssrcwnuPgzvzvlz9++cr3w==",
			"cpu": [
				"ia32"
			],
			"dev": true,
			"license": "MIT",
			"optional": true,
			"os": [
				"win32"
			],
			"engines": {
				"node": "^20.19.0 || >=22.12.0"
			}
		},
		"node_modules/@rolldown/binding-win32-x64-msvc": {
			"version": "1.0.0-beta.40",
			"resolved": "https://registry.npmjs.org/@rolldown/binding-win32-x64-msvc/-/binding-win32-x64-msvc-1.0.0-beta.40.tgz",
			"integrity": "sha512-UguA4ltbAk+nbwHRxqaUP/etpTbR0HjyNlsu4Zjbh/ytNbFsbw8CA4tEBkwDyjgI5NIPea6xY11zpl7R2/ddVA==",
			"cpu": [
				"x64"
			],
			"dev": true,
			"license": "MIT",
			"optional": true,
			"os": [
				"win32"
			],
			"engines": {
				"node": "^20.19.0 || >=22.12.0"
			}
		},
		"node_modules/@rolldown/pluginutils": {
			"version": "1.0.0-beta.40",
			"resolved": "https://registry.npmjs.org/@rolldown/pluginutils/-/pluginutils-1.0.0-beta.40.tgz",
			"integrity": "sha512-s3GeJKSQOwBlzdUrj4ISjJj5SfSh+aqn0wjOar4Bx95iV1ETI7F6S/5hLcfAxZ9kXDcyrAkxPlqmd1ZITttf+w==",
			"dev": true,
			"license": "MIT"
		},
		"node_modules/@rollup/pluginutils": {
			"version": "5.3.0",
			"resolved": "https://registry.npmjs.org/@rollup/pluginutils/-/pluginutils-5.3.0.tgz",
			"integrity": "sha512-5EdhGZtnu3V88ces7s53hhfK5KSASnJZv8Lulpc04cWO3REESroJXg73DFsOmgbU2BhwV0E20bu2IDZb3VKW4Q==",
			"dev": true,
			"license": "MIT",
			"dependencies": {
				"@types/estree": "^1.0.0",
				"estree-walker": "^2.0.2",
				"picomatch": "^4.0.2"
			},
			"engines": {
				"node": ">=14.0.0"
			},
			"peerDependencies": {
				"rollup": "^1.20.0||^2.0.0||^3.0.0||^4.0.0"
			},
			"peerDependenciesMeta": {
				"rollup": {
					"optional": true
				}
			}
		},
		"node_modules/@rollup/rollup-darwin-arm64": {
			"version": "4.52.2",
			"cpu": [
				"arm64"
			],
			"dev": true,
			"license": "MIT",
			"optional": true,
			"os": [
				"darwin"
			]
		},
		"node_modules/@standard-schema/spec": {
			"version": "1.0.0",
			"dev": true,
			"license": "MIT"
		},
		"node_modules/@sveltejs/acorn-typescript": {
			"version": "1.0.5",
			"dev": true,
			"license": "MIT",
			"peerDependencies": {
				"acorn": "^8.9.0"
			}
		},
		"node_modules/@sveltejs/adapter-auto": {
			"version": "6.1.0",
			"dev": true,
			"license": "MIT",
			"peerDependencies": {
				"@sveltejs/kit": "^2.0.0"
			}
		},
		"node_modules/@sveltejs/adapter-static": {
			"version": "3.0.9",
			"resolved": "https://registry.npmjs.org/@sveltejs/adapter-static/-/adapter-static-3.0.9.tgz",
			"integrity": "sha512-aytHXcMi7lb9ljsWUzXYQ0p5X1z9oWud2olu/EpmH7aCu4m84h7QLvb5Wp+CFirKcwoNnYvYWhyP/L8Vh1ztdw==",
			"dev": true,
			"license": "MIT",
			"peerDependencies": {
				"@sveltejs/kit": "^2.0.0"
			}
		},
		"node_modules/@sveltejs/kit": {
			"version": "2.43.4",
			"dev": true,
			"license": "MIT",
			"dependencies": {
				"@standard-schema/spec": "^1.0.0",
				"@sveltejs/acorn-typescript": "^1.0.5",
				"@types/cookie": "^0.6.0",
				"acorn": "^8.14.1",
				"cookie": "^0.6.0",
				"devalue": "^5.3.2",
				"esm-env": "^1.2.2",
				"kleur": "^4.1.5",
				"magic-string": "^0.30.5",
				"mrmime": "^2.0.0",
				"sade": "^1.8.1",
				"set-cookie-parser": "^2.6.0",
				"sirv": "^3.0.0"
			},
			"bin": {
				"svelte-kit": "svelte-kit.js"
			},
			"engines": {
				"node": ">=18.13"
			},
			"peerDependencies": {
				"@opentelemetry/api": "^1.0.0",
				"@sveltejs/vite-plugin-svelte": "^3.0.0 || ^4.0.0-next.1 || ^5.0.0 || ^6.0.0-next.0",
				"svelte": "^4.0.0 || ^5.0.0-next.0",
				"vite": "^5.0.3 || ^6.0.0 || ^7.0.0-beta.0"
			},
			"peerDependenciesMeta": {
				"@opentelemetry/api": {
					"optional": true
				}
			}
		},
		"node_modules/@sveltejs/vite-plugin-svelte": {
			"version": "6.2.1",
			"dev": true,
			"license": "MIT",
			"dependencies": {
				"@sveltejs/vite-plugin-svelte-inspector": "^5.0.0",
				"debug": "^4.4.1",
				"deepmerge": "^4.3.1",
				"magic-string": "^0.30.17",
				"vitefu": "^1.1.1"
			},
			"engines": {
				"node": "^20.19 || ^22.12 || >=24"
			},
			"peerDependencies": {
				"svelte": "^5.0.0",
				"vite": "^6.3.0 || ^7.0.0"
			}
		},
		"node_modules/@sveltejs/vite-plugin-svelte-inspector": {
			"version": "5.0.1",
			"dev": true,
			"license": "MIT",
			"dependencies": {
				"debug": "^4.4.1"
			},
			"engines": {
				"node": "^20.19 || ^22.12 || >=24"
			},
			"peerDependencies": {
				"@sveltejs/vite-plugin-svelte": "^6.0.0-next.0",
				"svelte": "^5.0.0",
				"vite": "^6.3.0 || ^7.0.0"
			}
		},
		"node_modules/@tybys/wasm-util": {
			"version": "0.10.1",
			"resolved": "https://registry.npmjs.org/@tybys/wasm-util/-/wasm-util-0.10.1.tgz",
			"integrity": "sha512-9tTaPJLSiejZKx+Bmog4uSubteqTvFrVrURwkmHixBo0G4seD0zUxp98E1DzUBJxLQ3NPwXrGKDiVjwx/DpPsg==",
			"dev": true,
			"license": "MIT",
			"optional": true,
			"dependencies": {
				"tslib": "^2.4.0"
			}
		},
		"node_modules/@types/bun": {
			"version": "1.2.22",
			"resolved": "https://registry.npmjs.org/@types/bun/-/bun-1.2.22.tgz",
			"integrity": "sha512-5A/KrKos2ZcN0c6ljRSOa1fYIyCKhZfIVYeuyb4snnvomnpFqC0tTsEkdqNxbAgExV384OETQ//WAjl3XbYqQA==",
			"dev": true,
			"license": "MIT",
			"dependencies": {
				"bun-types": "1.2.22"
			}
		},
		"node_modules/@types/cookie": {
			"version": "0.6.0",
			"resolved": "https://registry.npmjs.org/@types/cookie/-/cookie-0.6.0.tgz",
			"integrity": "sha512-4Kh9a6B2bQciAhf7FSuMRRkUWecJgJu9nPnx3yzpsfXX/c50REIqpHY4C82bXP90qrLtXtkDxTZosYO3UpOwlA==",
			"dev": true,
			"license": "MIT"
		},
		"node_modules/@types/estree": {
			"version": "1.0.8",
			"dev": true,
			"license": "MIT"
		},
		"node_modules/@types/js-yaml": {
			"version": "4.0.9",
			"resolved": "https://registry.npmjs.org/@types/js-yaml/-/js-yaml-4.0.9.tgz",
			"integrity": "sha512-k4MGaQl5TGo/iipqb2UDG2UwjXziSWkh0uysQelTlJpX1qGlpUZYm8PnO4DxG1qBomtJUdYJ6qR6xdIah10JLg==",
			"license": "MIT"
		},
		"node_modules/@types/node": {
			"version": "24.5.2",
			"resolved": "https://registry.npmjs.org/@types/node/-/node-24.5.2.tgz",
			"integrity": "sha512-FYxk1I7wPv3K2XBaoyH2cTnocQEu8AOZ60hPbsyukMPLv5/5qr7V1i8PLHdl6Zf87I+xZXFvPCXYjiTFq+YSDQ==",
			"dev": true,
			"license": "MIT",
			"dependencies": {
				"undici-types": "~7.12.0"
			}
		},
		"node_modules/@types/react": {
			"version": "19.1.13",
			"resolved": "https://registry.npmjs.org/@types/react/-/react-19.1.13.tgz",
			"integrity": "sha512-hHkbU/eoO3EG5/MZkuFSKmYqPbSVk5byPFa3e7y/8TybHiLMACgI8seVYlicwk7H5K/rI2px9xrQp/C+AUDTiQ==",
			"dev": true,
			"license": "MIT",
			"peer": true,
			"dependencies": {
				"csstype": "^3.0.2"
			}
		},
		"node_modules/acorn": {
			"version": "8.15.0",
			"dev": true,
			"license": "MIT",
			"bin": {
				"acorn": "bin/acorn"
			},
			"engines": {
				"node": ">=0.4.0"
			}
		},
		"node_modules/ansis": {
			"version": "4.2.0",
			"resolved": "https://registry.npmjs.org/ansis/-/ansis-4.2.0.tgz",
			"integrity": "sha512-HqZ5rWlFjGiV0tDm3UxxgNRqsOTniqoKZu0pIAfh7TZQMGuZK+hH0drySty0si0QXj1ieop4+SkSfPZBPPkHig==",
			"dev": true,
			"license": "ISC",
			"engines": {
				"node": ">=14"
			}
		},
		"node_modules/argparse": {
			"version": "2.0.1",
			"resolved": "https://registry.npmjs.org/argparse/-/argparse-2.0.1.tgz",
			"integrity": "sha512-8+9WqebbFzpX9OR+Wa6O29asIogeRMzcGtAINdpMHHyAg10f05aSFVBbcEqGf/PXw1EjAZ+q2/bEBg3DvurK3Q==",
			"license": "Python-2.0"
		},
		"node_modules/aria-query": {
			"version": "5.3.2",
			"dev": true,
			"license": "Apache-2.0",
			"engines": {
				"node": ">= 0.4"
			}
		},
		"node_modules/axobject-query": {
			"version": "4.1.0",
			"dev": true,
			"license": "Apache-2.0",
			"engines": {
				"node": ">= 0.4"
			}
		},
		"node_modules/bun-types": {
			"version": "1.2.22",
			"resolved": "https://registry.npmjs.org/bun-types/-/bun-types-1.2.22.tgz",
			"integrity": "sha512-hwaAu8tct/Zn6Zft4U9BsZcXkYomzpHJX28ofvx7k0Zz2HNz54n1n+tDgxoWFGB4PcFvJXJQloPhaV2eP3Q6EA==",
			"dev": true,
			"license": "MIT",
			"dependencies": {
				"@types/node": "*"
			},
			"peerDependencies": {
				"@types/react": "^19"
			}
		},
		"node_modules/chokidar": {
			"version": "4.0.3",
			"dev": true,
			"license": "MIT",
			"dependencies": {
				"readdirp": "^4.0.1"
			},
			"engines": {
				"node": ">= 14.16.0"
			},
			"funding": {
				"url": "https://paulmillr.com/funding/"
			}
		},
		"node_modules/clsx": {
			"version": "2.1.1",
			"dev": true,
			"license": "MIT",
			"engines": {
				"node": ">=6"
			}
		},
		"node_modules/cookie": {
			"version": "0.6.0",
			"dev": true,
			"license": "MIT",
			"engines": {
				"node": ">= 0.6"
			}
		},
		"node_modules/csstype": {
			"version": "3.1.3",
			"resolved": "https://registry.npmjs.org/csstype/-/csstype-3.1.3.tgz",
			"integrity": "sha512-M1uQkMl8rQK/szD0LNhtqxIPLpimGm8sOBwU7lLnCpSbTyY3yeU1Vc7l4KT5zT4s/yOxHH5O7tIuuLOCnLADRw==",
			"dev": true,
			"license": "MIT",
			"peer": true
		},
		"node_modules/debug": {
			"version": "4.4.3",
			"dev": true,
			"license": "MIT",
			"dependencies": {
				"ms": "^2.1.3"
			},
			"engines": {
				"node": ">=6.0"
			},
			"peerDependenciesMeta": {
				"supports-color": {
					"optional": true
				}
			}
		},
		"node_modules/deepmerge": {
			"version": "4.3.1",
			"dev": true,
			"license": "MIT",
			"engines": {
				"node": ">=0.10.0"
			}
		},
		"node_modules/detect-libc": {
			"version": "2.1.1",
			"resolved": "https://registry.npmjs.org/detect-libc/-/detect-libc-2.1.1.tgz",
			"integrity": "sha512-ecqj/sy1jcK1uWrwpR67UhYrIFQ+5WlGxth34WquCbamhFA6hkkwiu37o6J5xCHdo1oixJRfVRw+ywV+Hq/0Aw==",
			"dev": true,
			"license": "Apache-2.0",
			"engines": {
				"node": ">=8"
			}
		},
		"node_modules/devalue": {
			"version": "5.3.2",
			"dev": true,
			"license": "MIT"
		},
		"node_modules/esbuild": {
			"version": "0.25.10",
			"dev": true,
			"hasInstallScript": true,
			"license": "MIT",
			"bin": {
				"esbuild": "bin/esbuild"
			},
			"engines": {
				"node": ">=18"
			},
			"optionalDependencies": {
				"@esbuild/aix-ppc64": "0.25.10",
				"@esbuild/android-arm": "0.25.10",
				"@esbuild/android-arm64": "0.25.10",
				"@esbuild/android-x64": "0.25.10",
				"@esbuild/darwin-arm64": "0.25.10",
				"@esbuild/darwin-x64": "0.25.10",
				"@esbuild/freebsd-arm64": "0.25.10",
				"@esbuild/freebsd-x64": "0.25.10",
				"@esbuild/linux-arm": "0.25.10",
				"@esbuild/linux-arm64": "0.25.10",
				"@esbuild/linux-ia32": "0.25.10",
				"@esbuild/linux-loong64": "0.25.10",
				"@esbuild/linux-mips64el": "0.25.10",
				"@esbuild/linux-ppc64": "0.25.10",
				"@esbuild/linux-riscv64": "0.25.10",
				"@esbuild/linux-s390x": "0.25.10",
				"@esbuild/linux-x64": "0.25.10",
				"@esbuild/netbsd-arm64": "0.25.10",
				"@esbuild/netbsd-x64": "0.25.10",
				"@esbuild/openbsd-arm64": "0.25.10",
				"@esbuild/openbsd-x64": "0.25.10",
				"@esbuild/openharmony-arm64": "0.25.10",
				"@esbuild/sunos-x64": "0.25.10",
				"@esbuild/win32-arm64": "0.25.10",
				"@esbuild/win32-ia32": "0.25.10",
				"@esbuild/win32-x64": "0.25.10"
			}
		},
		"node_modules/esm-env": {
			"version": "1.2.2",
			"dev": true,
			"license": "MIT"
		},
		"node_modules/esrap": {
			"version": "2.1.0",
			"dev": true,
			"license": "MIT",
			"dependencies": {
				"@jridgewell/sourcemap-codec": "^1.4.15"
			}
		},
		"node_modules/estree-walker": {
			"version": "2.0.2",
			"resolved": "https://registry.npmjs.org/estree-walker/-/estree-walker-2.0.2.tgz",
			"integrity": "sha512-Rfkk/Mp/DL7JVje3u18FxFujQlTNR2q6QfMSMB7AvCBx91NGj/ba3kCfza0f6dVDbw7YlRf/nDrn7pQrCCyQ/w==",
			"dev": true,
			"license": "MIT"
		},
		"node_modules/fdir": {
			"version": "6.5.0",
			"dev": true,
			"license": "MIT",
			"engines": {
				"node": ">=12.0.0"
			},
			"peerDependencies": {
				"picomatch": "^3 || ^4"
			},
			"peerDependenciesMeta": {
				"picomatch": {
					"optional": true
				}
			}
		},
		"node_modules/fsevents": {
			"version": "2.3.3",
			"dev": true,
			"license": "MIT",
			"optional": true,
			"os": [
				"darwin"
			],
			"engines": {
				"node": "^8.16.0 || ^10.6.0 || >=11.0.0"
			}
		},
		"node_modules/imagetools-core": {
			"version": "8.0.0",
			"resolved": "https://registry.npmjs.org/imagetools-core/-/imagetools-core-8.0.0.tgz",
			"integrity": "sha512-5i4Cx5vrBpVdvT3gvkSGAzzkUCrg/5Jm54UwWbDUSTMp4AjDI4IxiC6dI4+X1PRJYi6eKqWuE+684NJY2iOn3w==",
			"dev": true,
			"license": "MIT",
			"engines": {
				"node": ">=18.0.0"
			}
		},
		"node_modules/is-reference": {
			"version": "3.0.3",
			"dev": true,
			"license": "MIT",
			"dependencies": {
				"@types/estree": "^1.0.6"
			}
		},
		"node_modules/js-yaml": {
			"version": "4.1.0",
			"resolved": "https://registry.npmjs.org/js-yaml/-/js-yaml-4.1.0.tgz",
			"integrity": "sha512-wpxZs9NoxZaJESJGIZTyDEaYpl0FKSA+FB9aJiyemKhMwkxQg63h4T1KJgUGHpTqPDNRcmmYLugrRjJlBtWvRA==",
			"license": "MIT",
			"dependencies": {
				"argparse": "^2.0.1"
			},
			"bin": {
				"js-yaml": "bin/js-yaml.js"
			}
		},
		"node_modules/kleur": {
			"version": "4.1.5",
			"dev": true,
			"license": "MIT",
			"engines": {
				"node": ">=6"
			}
		},
		"node_modules/locate-character": {
			"version": "3.0.0",
			"dev": true,
			"license": "MIT"
		},
		"node_modules/lottie-web": {
			"version": "5.13.0",
			"resolved": "https://registry.npmjs.org/lottie-web/-/lottie-web-5.13.0.tgz",
			"integrity": "sha512-+gfBXl6sxXMPe8tKQm7qzLnUy5DUPJPKIyRHwtpCpyUEYjHYRJC/5gjUvdkuO2c3JllrPtHXH5UJJK8LRYl5yQ==",
			"license": "MIT"
		},
		"node_modules/magic-string": {
			"version": "0.30.19",
			"dev": true,
			"license": "MIT",
			"dependencies": {
				"@jridgewell/sourcemap-codec": "^1.5.5"
			}
		},
		"node_modules/mri": {
			"version": "1.2.0",
			"dev": true,
			"license": "MIT",
			"engines": {
				"node": ">=4"
			}
		},
		"node_modules/mrmime": {
			"version": "2.0.1",
			"dev": true,
			"license": "MIT",
			"engines": {
				"node": ">=10"
			}
		},
		"node_modules/ms": {
			"version": "2.1.3",
			"dev": true,
			"license": "MIT"
		},
		"node_modules/nanoid": {
			"version": "3.3.11",
			"dev": true,
			"funding": [
				{
					"type": "github",
					"url": "https://github.com/sponsors/ai"
				}
			],
			"license": "MIT",
			"bin": {
				"nanoid": "bin/nanoid.cjs"
			},
			"engines": {
				"node": "^10 || ^12 || ^13.7 || ^14 || >=15.0.1"
			}
		},
		"node_modules/picocolors": {
			"version": "1.1.1",
			"dev": true,
			"license": "ISC"
		},
		"node_modules/picomatch": {
			"version": "4.0.3",
			"dev": true,
			"license": "MIT",
			"engines": {
				"node": ">=12"
			},
			"funding": {
				"url": "https://github.com/sponsors/jonschlinkert"
			}
		},
		"node_modules/postcss": {
			"version": "8.5.6",
			"dev": true,
			"funding": [
				{
					"type": "opencollective",
					"url": "https://opencollective.com/postcss/"
				},
				{
					"type": "tidelift",
					"url": "https://tidelift.com/funding/github/npm/postcss"
				},
				{
					"type": "github",
					"url": "https://github.com/sponsors/ai"
				}
			],
			"license": "MIT",
			"dependencies": {
				"nanoid": "^3.3.11",
				"picocolors": "^1.1.1",
				"source-map-js": "^1.2.1"
			},
			"engines": {
				"node": "^10 || ^12 || >=14"
			}
		},
		"node_modules/prettier": {
			"version": "3.6.2",
			"dev": true,
			"license": "MIT",
			"bin": {
				"prettier": "bin/prettier.cjs"
			},
			"engines": {
				"node": ">=14"
			},
			"funding": {
				"url": "https://github.com/prettier/prettier?sponsor=1"
			}
		},
		"node_modules/prettier-plugin-svelte": {
			"version": "3.4.0",
			"dev": true,
			"license": "MIT",
			"peerDependencies": {
				"prettier": "^3.0.0",
				"svelte": "^3.2.0 || ^4.0.0-next.0 || ^5.0.0-next.0"
			}
		},
		"node_modules/readdirp": {
			"version": "4.1.2",
			"dev": true,
			"license": "MIT",
			"engines": {
				"node": ">= 14.18.0"
			},
			"funding": {
				"type": "individual",
				"url": "https://paulmillr.com/funding/"
			}
		},
		"node_modules/rolldown": {
			"version": "1.0.0-beta.40",
			"resolved": "https://registry.npmjs.org/rolldown/-/rolldown-1.0.0-beta.40.tgz",
			"integrity": "sha512-VqEHbKpOgTPmQrZ4fVn4eshDQS/6g/fRpNE7cFSJY+eQLDZn4B9X61J6L+hnlt1u2uRI+pF7r1USs6S5fuWCvw==",
			"dev": true,
			"license": "MIT",
			"dependencies": {
				"@oxc-project/types": "=0.92.0",
				"@rolldown/pluginutils": "1.0.0-beta.40",
				"ansis": "^4.0.0"
			},
			"bin": {
				"rolldown": "bin/cli.mjs"
			},
			"engines": {
				"node": "^20.19.0 || >=22.12.0"
			},
			"optionalDependencies": {
				"@rolldown/binding-android-arm64": "1.0.0-beta.40",
				"@rolldown/binding-darwin-arm64": "1.0.0-beta.40",
				"@rolldown/binding-darwin-x64": "1.0.0-beta.40",
				"@rolldown/binding-freebsd-x64": "1.0.0-beta.40",
				"@rolldown/binding-linux-arm-gnueabihf": "1.0.0-beta.40",
				"@rolldown/binding-linux-arm64-gnu": "1.0.0-beta.40",
				"@rolldown/binding-linux-arm64-musl": "1.0.0-beta.40",
				"@rolldown/binding-linux-x64-gnu": "1.0.0-beta.40",
				"@rolldown/binding-linux-x64-musl": "1.0.0-beta.40",
				"@rolldown/binding-openharmony-arm64": "1.0.0-beta.40",
				"@rolldown/binding-wasm32-wasi": "1.0.0-beta.40",
				"@rolldown/binding-win32-arm64-msvc": "1.0.0-beta.40",
				"@rolldown/binding-win32-ia32-msvc": "1.0.0-beta.40",
				"@rolldown/binding-win32-x64-msvc": "1.0.0-beta.40"
			}
		},
		"node_modules/rollup": {
			"version": "4.52.2",
			"dev": true,
			"license": "MIT",
			"dependencies": {
				"@types/estree": "1.0.8"
			},
			"bin": {
				"rollup": "dist/bin/rollup"
			},
			"engines": {
				"node": ">=18.0.0",
				"npm": ">=8.0.0"
			},
			"optionalDependencies": {
				"@rollup/rollup-android-arm-eabi": "4.52.2",
				"@rollup/rollup-android-arm64": "4.52.2",
				"@rollup/rollup-darwin-arm64": "4.52.2",
				"@rollup/rollup-darwin-x64": "4.52.2",
				"@rollup/rollup-freebsd-arm64": "4.52.2",
				"@rollup/rollup-freebsd-x64": "4.52.2",
				"@rollup/rollup-linux-arm-gnueabihf": "4.52.2",
				"@rollup/rollup-linux-arm-musleabihf": "4.52.2",
				"@rollup/rollup-linux-arm64-gnu": "4.52.2",
				"@rollup/rollup-linux-arm64-musl": "4.52.2",
				"@rollup/rollup-linux-loong64-gnu": "4.52.2",
				"@rollup/rollup-linux-ppc64-gnu": "4.52.2",
				"@rollup/rollup-linux-riscv64-gnu": "4.52.2",
				"@rollup/rollup-linux-riscv64-musl": "4.52.2",
				"@rollup/rollup-linux-s390x-gnu": "4.52.2",
				"@rollup/rollup-linux-x64-gnu": "4.52.2",
				"@rollup/rollup-linux-x64-musl": "4.52.2",
				"@rollup/rollup-openharmony-arm64": "4.52.2",
				"@rollup/rollup-win32-arm64-msvc": "4.52.2",
				"@rollup/rollup-win32-ia32-msvc": "4.52.2",
				"@rollup/rollup-win32-x64-gnu": "4.52.2",
				"@rollup/rollup-win32-x64-msvc": "4.52.2",
				"fsevents": "~2.3.2"
			}
		},
		"node_modules/sade": {
			"version": "1.8.1",
			"dev": true,
			"license": "MIT",
			"dependencies": {
				"mri": "^1.1.0"
			},
			"engines": {
				"node": ">=6"
			}
		},
		"node_modules/semver": {
			"version": "7.7.2",
			"resolved": "https://registry.npmjs.org/semver/-/semver-7.7.2.tgz",
			"integrity": "sha512-RF0Fw+rO5AMf9MAyaRXI4AV0Ulj5lMHqVxxdSgiVbixSCXoEmmX/jk0CuJw4+3SqroYO9VoUh+HcuJivvtJemA==",
			"dev": true,
			"license": "ISC",
			"bin": {
				"semver": "bin/semver.js"
			},
			"engines": {
				"node": ">=10"
			}
		},
		"node_modules/set-cookie-parser": {
			"version": "2.7.1",
			"dev": true,
			"license": "MIT"
		},
		"node_modules/sharp": {
			"version": "0.34.4",
			"resolved": "https://registry.npmjs.org/sharp/-/sharp-0.34.4.tgz",
			"integrity": "sha512-FUH39xp3SBPnxWvd5iib1X8XY7J0K0X7d93sie9CJg2PO8/7gmg89Nve6OjItK53/MlAushNNxteBYfM6DEuoA==",
			"dev": true,
			"hasInstallScript": true,
			"license": "Apache-2.0",
			"dependencies": {
				"@img/colour": "^1.0.0",
				"detect-libc": "^2.1.0",
				"semver": "^7.7.2"
			},
			"engines": {
				"node": "^18.17.0 || ^20.3.0 || >=21.0.0"
			},
			"funding": {
				"url": "https://opencollective.com/libvips"
			},
			"optionalDependencies": {
				"@img/sharp-darwin-arm64": "0.34.4",
				"@img/sharp-darwin-x64": "0.34.4",
				"@img/sharp-libvips-darwin-arm64": "1.2.3",
				"@img/sharp-libvips-darwin-x64": "1.2.3",
				"@img/sharp-libvips-linux-arm": "1.2.3",
				"@img/sharp-libvips-linux-arm64": "1.2.3",
				"@img/sharp-libvips-linux-ppc64": "1.2.3",
				"@img/sharp-libvips-linux-s390x": "1.2.3",
				"@img/sharp-libvips-linux-x64": "1.2.3",
				"@img/sharp-libvips-linuxmusl-arm64": "1.2.3",
				"@img/sharp-libvips-linuxmusl-x64": "1.2.3",
				"@img/sharp-linux-arm": "0.34.4",
				"@img/sharp-linux-arm64": "0.34.4",
				"@img/sharp-linux-ppc64": "0.34.4",
				"@img/sharp-linux-s390x": "0.34.4",
				"@img/sharp-linux-x64": "0.34.4",
				"@img/sharp-linuxmusl-arm64": "0.34.4",
				"@img/sharp-linuxmusl-x64": "0.34.4",
				"@img/sharp-wasm32": "0.34.4",
				"@img/sharp-win32-arm64": "0.34.4",
				"@img/sharp-win32-ia32": "0.34.4",
				"@img/sharp-win32-x64": "0.34.4"
			}
		},
		"node_modules/sirv": {
			"version": "3.0.2",
			"dev": true,
			"license": "MIT",
			"dependencies": {
				"@polka/url": "^1.0.0-next.24",
				"mrmime": "^2.0.0",
				"totalist": "^3.0.0"
			},
			"engines": {
				"node": ">=18"
			}
		},
		"node_modules/source-map-js": {
			"version": "1.2.1",
			"dev": true,
			"license": "BSD-3-Clause",
			"engines": {
				"node": ">=0.10.0"
			}
		},
		"node_modules/svelte": {
			"version": "5.39.6",
			"dev": true,
			"license": "MIT",
			"dependencies": {
				"@jridgewell/remapping": "^2.3.4",
				"@jridgewell/sourcemap-codec": "^1.5.0",
				"@sveltejs/acorn-typescript": "^1.0.5",
				"@types/estree": "^1.0.5",
				"acorn": "^8.12.1",
				"aria-query": "^5.3.1",
				"axobject-query": "^4.1.0",
				"clsx": "^2.1.1",
				"esm-env": "^1.2.1",
				"esrap": "^2.1.0",
				"is-reference": "^3.0.3",
				"locate-character": "^3.0.0",
				"magic-string": "^0.30.11",
				"zimmerframe": "^1.1.2"
			},
			"engines": {
				"node": ">=18"
			}
		},
		"node_modules/svelte-adapter-bun": {
			"version": "1.0.0",
			"resolved": "https://registry.npmjs.org/svelte-adapter-bun/-/svelte-adapter-bun-1.0.0.tgz",
			"integrity": "sha512-iYxOzZBZqyIRaRYVZAkqeg9hfW9XyQPWC/PD6gcg7paofBG0JXcYd9URAhP4MeDtCYZUI3GvzTDOOMg6rDZ+fw==",
			"dev": true,
			"license": "MIT",
			"dependencies": {
				"rolldown": "^1.0.0-beta.38"
			},
			"peerDependencies": {
				"@sveltejs/kit": "^2.4.0",
				"typescript": "^5"
			}
		},
		"node_modules/svelte-check": {
			"version": "4.3.2",
			"dev": true,
			"license": "MIT",
			"dependencies": {
				"@jridgewell/trace-mapping": "^0.3.25",
				"chokidar": "^4.0.1",
				"fdir": "^6.2.0",
				"picocolors": "^1.0.0",
				"sade": "^1.7.4"
			},
			"bin": {
				"svelte-check": "bin/svelte-check"
			},
			"engines": {
				"node": ">= 18.0.0"
			},
			"peerDependencies": {
				"svelte": "^4.0.0 || ^5.0.0-next.0",
				"typescript": ">=5.0.0"
			}
		},
		"node_modules/tinyglobby": {
			"version": "0.2.15",
			"dev": true,
			"license": "MIT",
			"dependencies": {
				"fdir": "^6.5.0",
				"picomatch": "^4.0.3"
			},
			"engines": {
				"node": ">=12.0.0"
			},
			"funding": {
				"url": "https://github.com/sponsors/SuperchupuDev"
			}
		},
		"node_modules/totalist": {
			"version": "3.0.1",
			"dev": true,
			"license": "MIT",
			"engines": {
				"node": ">=6"
			}
		},
		"node_modules/tslib": {
			"version": "2.8.1",
			"resolved": "https://registry.npmjs.org/tslib/-/tslib-2.8.1.tgz",
			"integrity": "sha512-oJFu94HQb+KVduSUQL7wnpmqnfmLsOA/nAh6b6EH0wCEoK0/mPeXU6c3wKDV83MkOuHPRHtSXKKU99IBazS/2w==",
			"dev": true,
			"license": "0BSD",
			"optional": true
		},
		"node_modules/typescript": {
			"version": "5.9.2",
			"dev": true,
			"license": "Apache-2.0",
			"bin": {
				"tsc": "bin/tsc",
				"tsserver": "bin/tsserver"
			},
			"engines": {
				"node": ">=14.17"
			}
		},
		"node_modules/undici-types": {
			"version": "7.12.0",
			"resolved": "https://registry.npmjs.org/undici-types/-/undici-types-7.12.0.tgz",
			"integrity": "sha512-goOacqME2GYyOZZfb5Lgtu+1IDmAlAEu5xnD3+xTzS10hT0vzpf0SPjkXwAw9Jm+4n/mQGDP3LO8CPbYROeBfQ==",
			"dev": true,
			"license": "MIT"
		},
		"node_modules/vite": {
			"version": "7.1.7",
			"dev": true,
			"license": "MIT",
			"dependencies": {
				"esbuild": "^0.25.0",
				"fdir": "^6.5.0",
				"picomatch": "^4.0.3",
				"postcss": "^8.5.6",
				"rollup": "^4.43.0",
				"tinyglobby": "^0.2.15"
			},
			"bin": {
				"vite": "bin/vite.js"
			},
			"engines": {
				"node": "^20.19.0 || >=22.12.0"
			},
			"funding": {
				"url": "https://github.com/vitejs/vite?sponsor=1"
			},
			"optionalDependencies": {
				"fsevents": "~2.3.3"
			},
			"peerDependencies": {
				"@types/node": "^20.19.0 || >=22.12.0",
				"jiti": ">=1.21.0",
				"less": "^4.0.0",
				"lightningcss": "^1.21.0",
				"sass": "^1.70.0",
				"sass-embedded": "^1.70.0",
				"stylus": ">=0.54.8",
				"sugarss": "^5.0.0",
				"terser": "^5.16.0",
				"tsx": "^4.8.1",
				"yaml": "^2.4.2"
			},
			"peerDependenciesMeta": {
				"@types/node": {
					"optional": true
				},
				"jiti": {
					"optional": true
				},
				"less": {
					"optional": true
				},
				"lightningcss": {
					"optional": true
				},
				"sass": {
					"optional": true
				},
				"sass-embedded": {
					"optional": true
				},
				"stylus": {
					"optional": true
				},
				"sugarss": {
					"optional": true
				},
				"terser": {
					"optional": true
				},
				"tsx": {
					"optional": true
				},
				"yaml": {
					"optional": true
				}
			}
		},
		"node_modules/vite-imagetools": {
			"version": "8.0.0",
			"resolved": "https://registry.npmjs.org/vite-imagetools/-/vite-imagetools-8.0.0.tgz",
			"integrity": "sha512-3bkkA0vQ57tMynsetY2j4QhCnZKrxFv0RScaZipzYgkjkkUBEmZL5UIVHOUHhVMfwCetAeM9e3DNwyPK1ff4xg==",
			"dev": true,
			"license": "MIT",
			"dependencies": {
				"@rollup/pluginutils": "^5.0.5",
				"imagetools-core": "^8.0.0",
				"sharp": "^0.34.1"
			},
			"engines": {
				"node": ">=18.0.0"
			}
		},
		"node_modules/vitefu": {
			"version": "1.1.1",
			"dev": true,
			"license": "MIT",
			"workspaces": [
				"tests/deps/*",
				"tests/projects/*",
				"tests/projects/workspace/packages/*"
			],
			"peerDependencies": {
				"vite": "^3.0.0 || ^4.0.0 || ^5.0.0 || ^6.0.0 || ^7.0.0-beta.0"
			},
			"peerDependenciesMeta": {
				"vite": {
					"optional": true
				}
			}
		},
		"node_modules/zimmerframe": {
			"version": "1.1.4",
			"dev": true,
			"license": "MIT"
		}
	}
}
